
Microsoft Visual Studio Solution File, Format Version 12.00
# Visual Studio Version 16
VisualStudioVersion = 16.0.29020.237
MinimumVisualStudioVersion = 10.0.40219.1
Project("{FAE04EC0-301F-11D3-BF4B-00C04F79EFBC}") = "QaProject", "QaProject.csproj", "{58623E5E-EBCE-4D29-8B53-5E0D822A548A}"
EndProject
Global
	GlobalSection(SolutionConfigurationPlatforms) = preSolution
		Debug|Any CPU = Debug|Any CPU
		Release|Any CPU = Release|Any CPU
	EndGlobalSection
	GlobalSection(ProjectConfigurationPlatforms) = postSolution
		{58623E5E-EBCE-4D29-8B53-5E0D822A548A}.Debug|Any CPU.ActiveCfg = Debug|Any CPU
		{58623E5E-EBCE-4D29-8B53-5E0D822A548A}.Debug|Any CPU.Build.0 = Debug|Any CPU
		{58623E5E-EBCE-4D29-8B53-5E0D822A548A}.Release|Any CPU.ActiveCfg = Release|Any CPU
		{58623E5E-EBCE-4D29-8B53-5E0D822A548A}.Release|Any CPU.Build.0 = Release|Any CPU
	EndGlobalSection
	GlobalSection(SolutionProperties) = preSolution
		HideSolutionNode = FALSE
	EndGlobalSection
	GlobalSection(ExtensibilityGlobals) = postSolution
		SolutionGuid = {3AFB11C1-750D-4785-ACF6-79F68A056D77}
	EndGlobalSection
EndGlobal
